
Microsoft Visual Studio Solution File, Format Version 12.00
# Visual Studio Version 17
VisualStudioVersion = 17.4.33205.214
MinimumVisualStudioVersion = 10.0.40219.1
Project("{9A19103F-16F7-4668-BE54-9A1E7A4F7556}") = "DTO", "DTO\DTO.csproj", "{952BBA6A-5E13-4C5C-8BE7-9C13599CBB6D}"
EndProject
Project("{9A19103F-16F7-4668-BE54-9A1E7A4F7556}") = "DAL", "DAL\DAL.csproj", "{6358B6B9-C983-461E-ABCA-D92BBF83F7C9}"
EndProject
Project("{9A19103F-16F7-4668-BE54-9A1E7A4F7556}") = "BUS", "BUS\BUS.csproj", "{3200F06D-67D7-4580-8851-95153A7C31FF}"
EndProject
Project("{FAE04EC0-301F-11D3-BF4B-00C04F79EFBC}") = "HolidaysApp", "HolidaysApp\HolidaysApp.csproj", "{7BC5125F-E993-475E-9070-79E1DD1FB6DE}"
EndProject
Global
	GlobalSection(SolutionConfigurationPlatforms) = preSolution
		Debug|Any CPU = Debug|Any CPU
		Release|Any CPU = Release|Any CPU
	EndGlobalSection
	GlobalSection(ProjectConfigurationPlatforms) = postSolution
		{952BBA6A-5E13-4C5C-8BE7-9C13599CBB6D}.Debug|Any CPU.ActiveCfg = Debug|Any CPU
		{952BBA6A-5E13-4C5C-8BE7-9C13599CBB6D}.Debug|Any CPU.Build.0 = Debug|Any CPU
		{952BBA6A-5E13-4C5C-8BE7-9C13599CBB6D}.Release|Any CPU.ActiveCfg = Release|Any CPU
		{952BBA6A-5E13-4C5C-8BE7-9C13599CBB6D}.Release|Any CPU.Build.0 = Release|Any CPU
		{6358B6B9-C983-461E-ABCA-D92BBF83F7C9}.Debug|Any CPU.ActiveCfg = Debug|Any CPU
		{6358B6B9-C983-461E-ABCA-D92BBF83F7C9}.Debug|Any CPU.Build.0 = Debug|Any CPU
		{6358B6B9-C983-461E-ABCA-D92BBF83F7C9}.Release|Any CPU.ActiveCfg = Release|Any CPU
		{6358B6B9-C983-461E-ABCA-D92BBF83F7C9}.Release|Any CPU.Build.0 = Release|Any CPU
		{3200F06D-67D7-4580-8851-95153A7C31FF}.Debug|Any CPU.ActiveCfg = Debug|Any CPU
		{3200F06D-67D7-4580-8851-95153A7C31FF}.Debug|Any CPU.Build.0 = Debug|Any CPU
		{3200F06D-67D7-4580-8851-95153A7C31FF}.Release|Any CPU.ActiveCfg = Release|Any CPU
		{3200F06D-67D7-4580-8851-95153A7C31FF}.Release|Any CPU.Build.0 = Release|Any CPU
		{7BC5125F-E993-475E-9070-79E1DD1FB6DE}.Debug|Any CPU.ActiveCfg = Debug|Any CPU
		{7BC5125F-E993-475E-9070-79E1DD1FB6DE}.Debug|Any CPU.Build.0 = Debug|Any CPU
		{7BC5125F-E993-475E-9070-79E1DD1FB6DE}.Release|Any CPU.ActiveCfg = Release|Any CPU
		{7BC5125F-E993-475E-9070-79E1DD1FB6DE}.Release|Any CPU.Build.0 = Release|Any CPU
	EndGlobalSection
	GlobalSection(SolutionProperties) = preSolution
		HideSolutionNode = FALSE
	EndGlobalSection
	GlobalSection(ExtensibilityGlobals) = postSolution
		SolutionGuid = {403C12CB-9521-4FF5-9410-2F1012DBF458}
	EndGlobalSection
EndGlobal
